// !$*UTF8*$!
{
	archiveVersion = 1;
	classes = {
	};
	objectVersion = 46;
	objects = {

/* Begin PBXBuildFile section */
		5BE73713192FEDE9001C1BFF /* Foundation.framework in Frameworks */ = {isa = PBXBuildFile; fileRef = 5BE73712192FEDE9001C1BFF /* Foundation.framework */; };
		5BE73715192FEDE9001C1BFF /* CoreGraphics.framework in Frameworks */ = {isa = PBXBuildFile; fileRef = 5BE73714192FEDE9001C1BFF /* CoreGraphics.framework */; };
		5BE73717192FEDE9001C1BFF /* UIKit.framework in Frameworks */ = {isa = PBXBuildFile; fileRef = 5BE73716192FEDE9001C1BFF /* UIKit.framework */; };
		5BE7371D192FEDE9001C1BFF /* InfoPlist.strings in Resources */ = {isa = PBXBuildFile; fileRef = 5BE7371B192FEDE9001C1BFF /* InfoPlist.strings */; };
		5BE7371F192FEDE9001C1BFF /* main.m in Sources */ = {isa = PBXBuildFile; fileRef = 5BE7371E192FEDE9001C1BFF /* main.m */; };
		5BE73723192FEDE9001C1BFF /* MSAppDelegate.m in Sources */ = {isa = PBXBuildFile; fileRef = 5BE73722192FEDE9001C1BFF /* MSAppDelegate.m */; };
		5BE73726192FEDE9001C1BFF /* Main.storyboard in Resources */ = {isa = PBXBuildFile; fileRef = 5BE73724192FEDE9001C1BFF /* Main.storyboard */; };
		5BE73729192FEDE9001C1BFF /* MSViewController.m in Sources */ = {isa = PBXBuildFile; fileRef = 5BE73728192FEDE9001C1BFF /* MSViewController.m */; };
		5BE7372B192FEDE9001C1BFF /* Images.xcassets in Resources */ = {isa = PBXBuildFile; fileRef = 5BE7372A192FEDE9001C1BFF /* Images.xcassets */; };
		5BE73732192FEDE9001C1BFF /* XCTest.framework in Frameworks */ = {isa = PBXBuildFile; fileRef = 5BE73731192FEDE9001C1BFF /* XCTest.framework */; };
		5BE73733192FEDE9001C1BFF /* Foundation.framework in Frameworks */ = {isa = PBXBuildFile; fileRef = 5BE73712192FEDE9001C1BFF /* Foundation.framework */; };
		5BE73734192FEDE9001C1BFF /* UIKit.framework in Frameworks */ = {isa = PBXBuildFile; fileRef = 5BE73716192FEDE9001C1BFF /* UIKit.framework */; };
		5BE7373C192FEDE9001C1BFF /* InfoPlist.strings in Resources */ = {isa = PBXBuildFile; fileRef = 5BE7373A192FEDE9001C1BFF /* InfoPlist.strings */; };
		5BE7373E192FEDE9001C1BFF /* JenkinsTests.m in Sources */ = {isa = PBXBuildFile; fileRef = 5BE7373D192FEDE9001C1BFF /* JenkinsTests.m */; };
/* End PBXBuildFile section */

/* Begin PBXContainerItemProxy section */
		5BE73735192FEDE9001C1BFF /* PBXContainerItemProxy */ = {
			isa = PBXContainerItemProxy;
			containerPortal = 5BE73707192FEDE9001C1BFF /* Project object */;
			proxyType = 1;
			remoteGlobalIDString = 5BE7370E192FEDE9001C1BFF;
			remoteInfo = Jenkins;
		};
/* End PBXContainerItemProxy section */

/* Begin PBXFileReference section */
		5BE7370F192FEDE9001C1BFF /* Jenkins.app */ = {isa = PBXFileReference; explicitFileType = wrapper.application; includeInIndex = 0; path = Jenkins.app; sourceTree = BUILT_PRODUCTS_DIR; };
		5BE73712192FEDE9001C1BFF /* Foundation.framework */ = {isa = PBXFileReference; lastKnownFileType = wrapper.framework; name = Foundation.framework; path = System/Library/Frameworks/Foundation.framework; sourceTree = SDKROOT; };
		5BE73714192FEDE9001C1BFF /* CoreGraphics.framework */ = {isa = PBXFileReference; lastKnownFileType = wrapper.framework; name = CoreGraphics.framework; path = System/Library/Frameworks/CoreGraphics.framework; sourceTree = SDKROOT; };
		5BE73716192FEDE9001C1BFF /* UIKit.framework */ = {isa = PBXFileReference; lastKnownFileType = wrapper.framework; name = UIKit.framework; path = System/Library/Frameworks/UIKit.framework; sourceTree = SDKROOT; };
		5BE7371A192FEDE9001C1BFF /* Jenkins-Info.plist */ = {isa = PBXFileReference; lastKnownFileType = text.plist.xml; path = "Jenkins-Info.plist"; sourceTree = "<group>"; };
		5BE7371C192FEDE9001C1BFF /* en */ = {isa = PBXFileReference; lastKnownFileType = text.plist.strings; name = en; path = en.lproj/InfoPlist.strings; sourceTree = "<group>"; };
		5BE7371E192FEDE9001C1BFF /* main.m */ = {isa = PBXFileReference; lastKnownFileType = sourcecode.c.objc; path = main.m; sourceTree = "<group>"; };
		5BE73720192FEDE9001C1BFF /* Jenkins-Prefix.pch */ = {isa = PBXFileReference; lastKnownFileType = sourcecode.c.h; path = "Jenkins-Prefix.pch"; sourceTree = "<group>"; };
		5BE73721192FEDE9001C1BFF /* MSAppDelegate.h */ = {isa = PBXFileReference; lastKnownFileType = sourcecode.c.h; path = MSAppDelegate.h; sourceTree = "<group>"; };
		5BE73722192FEDE9001C1BFF /* MSAppDelegate.m */ = {isa = PBXFileReference; lastKnownFileType = sourcecode.c.objc; path = MSAppDelegate.m; sourceTree = "<group>"; };
		5BE73725192FEDE9001C1BFF /* Base */ = {isa = PBXFileReference; lastKnownFileType = file.storyboard; name = Base; path = Base.lproj/Main.storyboard; sourceTree = "<group>"; };
		5BE73727192FEDE9001C1BFF /* MSViewController.h */ = {isa = PBXFileReference; lastKnownFileType = sourcecode.c.h; path = MSViewController.h; sourceTree = "<group>"; };
		5BE73728192FEDE9001C1BFF /* MSViewController.m */ = {isa = PBXFileReference; lastKnownFileType = sourcecode.c.objc; path = MSViewController.m; sourceTree = "<group>"; };
		5BE7372A192FEDE9001C1BFF /* Images.xcassets */ = {isa = PBXFileReference; lastKnownFileType = folder.assetcatalog; path = Images.xcassets; sourceTree = "<group>"; };
		5BE73730192FEDE9001C1BFF /* JenkinsTests.xctest */ = {isa = PBXFileReference; explicitFileType = wrapper.cfbundle; includeInIndex = 0; path = JenkinsTests.xctest; sourceTree = BUILT_PRODUCTS_DIR; };
		5BE73731192FEDE9001C1BFF /* XCTest.framework */ = {isa = PBXFileReference; lastKnownFileType = wrapper.framework; name = XCTest.framework; path = Library/Frameworks/XCTest.framework; sourceTree = DEVELOPER_DIR; };
		5BE73739192FEDE9001C1BFF /* JenkinsTests-Info.plist */ = {isa = PBXFileReference; lastKnownFileType = text.plist.xml; path = "JenkinsTests-Info.plist"; sourceTree = "<group>"; };
		5BE7373B192FEDE9001C1BFF /* en */ = {isa = PBXFileReference; lastKnownFileType = text.plist.strings; name = en; path = en.lproj/InfoPlist.strings; sourceTree = "<group>"; };
		5BE7373D192FEDE9001C1BFF /* JenkinsTests.m */ = {isa = PBXFileReference; lastKnownFileType = sourcecode.c.objc; path = JenkinsTests.m; sourceTree = "<group>"; };
/* End PBXFileReference section */

/* Begin PBXFrameworksBuildPhase section */
		5BE7370C192FEDE9001C1BFF /* Frameworks */ = {
			isa = PBXFrameworksBuildPhase;
			buildActionMask = 2147483647;
			files = (
				5BE73715192FEDE9001C1BFF /* CoreGraphics.framework in Frameworks */,
				5BE73717192FEDE9001C1BFF /* UIKit.framework in Frameworks */,
				5BE73713192FEDE9001C1BFF /* Foundation.framework in Frameworks */,
			);
			runOnlyForDeploymentPostprocessing = 0;
		};
		5BE7372D192FEDE9001C1BFF /* Frameworks */ = {
			isa = PBXFrameworksBuildPhase;
			buildActionMask = 2147483647;
			files = (
				5BE73732192FEDE9001C1BFF /* XCTest.framework in Frameworks */,
				5BE73734192FEDE9001C1BFF /* UIKit.framework in Frameworks */,
				5BE73733192FEDE9001C1BFF /* Foundation.framework in Frameworks */,
			);
			runOnlyForDeploymentPostprocessing = 0;
		};
/* End PBXFrameworksBuildPhase section */

/* Begin PBXGroup section */
		5BE73706192FEDE9001C1BFF = {
			isa = PBXGroup;
			children = (
				5BE73718192FEDE9001C1BFF /* Jenkins */,
				5BE73737192FEDE9001C1BFF /* JenkinsTests */,
				5BE73711192FEDE9001C1BFF /* Frameworks */,
				5BE73710192FEDE9001C1BFF /* Products */,
			);
			sourceTree = "<group>";
		};
		5BE73710192FEDE9001C1BFF /* Products */ = {
			isa = PBXGroup;
			children = (
				5BE7370F192FEDE9001C1BFF /* Jenkins.app */,
				5BE73730192FEDE9001C1BFF /* JenkinsTests.xctest */,
			);
			name = Products;
			sourceTree = "<group>";
		};
		5BE73711192FEDE9001C1BFF /* Frameworks */ = {
			isa = PBXGroup;
			children = (
				5BE73712192FEDE9001C1BFF /* Foundation.framework */,
				5BE73714192FEDE9001C1BFF /* CoreGraphics.framework */,
				5BE73716192FEDE9001C1BFF /* UIKit.framework */,
				5BE73731192FEDE9001C1BFF /* XCTest.framework */,
			);
			name = Frameworks;
			sourceTree = "<group>";
		};
		5BE73718192FEDE9001C1BFF /* Jenkins */ = {
			isa = PBXGroup;
			children = (
				5BE73721192FEDE9001C1BFF /* MSAppDelegate.h */,
				5BE73722192FEDE9001C1BFF /* MSAppDelegate.m */,
				5BE73724192FEDE9001C1BFF /* Main.storyboard */,
				5BE73727192FEDE9001C1BFF /* MSViewController.h */,
				5BE73728192FEDE9001C1BFF /* MSViewController.m */,
				5BE7372A192FEDE9001C1BFF /* Images.xcassets */,
				5BE73719192FEDE9001C1BFF /* Supporting Files */,
			);
			path = Jenkins;
			sourceTree = "<group>";
		};
		5BE73719192FEDE9001C1BFF /* Supporting Files */ = {
			isa = PBXGroup;
			children = (
				5BE7371A192FEDE9001C1BFF /* Jenkins-Info.plist */,
				5BE7371B192FEDE9001C1BFF /* InfoPlist.strings */,
				5BE7371E192FEDE9001C1BFF /* main.m */,
				5BE73720192FEDE9001C1BFF /* Jenkins-Prefix.pch */,
			);
			name = "Supporting Files";
			sourceTree = "<group>";
		};
		5BE73737192FEDE9001C1BFF /* JenkinsTests */ = {
			isa = PBXGroup;
			children = (
				5BE7373D192FEDE9001C1BFF /* JenkinsTests.m */,
				5BE73738192FEDE9001C1BFF /* Supporting Files */,
			);
			path = JenkinsTests;
			sourceTree = "<group>";
		};
		5BE73738192FEDE9001C1BFF /* Supporting Files */ = {
			isa = PBXGroup;
			children = (
				5BE73739192FEDE9001C1BFF /* JenkinsTests-Info.plist */,
				5BE7373A192FEDE9001C1BFF /* InfoPlist.strings */,
			);
			name = "Supporting Files";
			sourceTree = "<group>";
		};
/* End PBXGroup section */

/* Begin PBXNativeTarget section */
		5BE7370E192FEDE9001C1BFF /* Jenkins */ = {
			isa = PBXNativeTarget;
			buildConfigurationList = 5BE73741192FEDE9001C1BFF /* Build configuration list for PBXNativeTarget "Jenkins" */;
			buildPhases = (
				5BE7370B192FEDE9001C1BFF /* Sources */,
				5BE7370C192FEDE9001C1BFF /* Frameworks */,
				5BE7370D192FEDE9001C1BFF /* Resources */,
			);
			buildRules = (
			);
			dependencies = (
			);
			name = Jenkins;
			productName = Jenkins;
			productReference = 5BE7370F192FEDE9001C1BFF /* Jenkins.app */;
			productType = "com.apple.product-type.application";
		};
		5BE7372F192FEDE9001C1BFF /* JenkinsTests */ = {
			isa = PBXNativeTarget;
			buildConfigurationList = 5BE73744192FEDE9001C1BFF /* Build configuration list for PBXNativeTarget "JenkinsTests" */;
			buildPhases = (
				5BE7372C192FEDE9001C1BFF /* Sources */,
				5BE7372D192FEDE9001C1BFF /* Frameworks */,
				5BE7372E192FEDE9001C1BFF /* Resources */,
			);
			buildRules = (
			);
			dependencies = (
				5BE73736192FEDE9001C1BFF /* PBXTargetDependency */,
			);
			name = JenkinsTests;
			productName = JenkinsTests;
			productReference = 5BE73730192FEDE9001C1BFF /* JenkinsTests.xctest */;
			productType = "com.apple.product-type.bundle.unit-test";
		};
/* End PBXNativeTarget section */

/* Begin PBXProject section */
		5BE73707192FEDE9001C1BFF /* Project object */ = {
			isa = PBXProject;
			attributes = {
				CLASSPREFIX = MS;
				LastUpgradeCheck = 0510;
				ORGANIZATIONNAME = martinstolz;
				TargetAttributes = {
					5BE7372F192FEDE9001C1BFF = {
						TestTargetID = 5BE7370E192FEDE9001C1BFF;
					};
				};
			};
			buildConfigurationList = 5BE7370A192FEDE9001C1BFF /* Build configuration list for PBXProject "Jenkins" */;
			compatibilityVersion = "Xcode 3.2";
			developmentRegion = English;
			hasScannedForEncodings = 0;
			knownRegions = (
				en,
				Base,
			);
			mainGroup = 5BE73706192FEDE9001C1BFF;
			productRefGroup = 5BE73710192FEDE9001C1BFF /* Products */;
			projectDirPath = "";
			projectRoot = "";
			targets = (
				5BE7370E192FEDE9001C1BFF /* Jenkins */,
				5BE7372F192FEDE9001C1BFF /* JenkinsTests */,
			);
		};
/* End PBXProject section */

/* Begin PBXResourcesBuildPhase section */
		5BE7370D192FEDE9001C1BFF /* Resources */ = {
			isa = PBXResourcesBuildPhase;
			buildActionMask = 2147483647;
			files = (
				5BE7372B192FEDE9001C1BFF /* Images.xcassets in Resources */,
				5BE7371D192FEDE9001C1BFF /* InfoPlist.strings in Resources */,
				5BE73726192FEDE9001C1BFF /* Main.storyboard in Resources */,
			);
			runOnlyForDeploymentPostprocessing = 0;
		};
		5BE7372E192FEDE9001C1BFF /* Resources */ = {
			isa = PBXResourcesBuildPhase;
			buildActionMask = 2147483647;
			files = (
				5BE7373C192FEDE9001C1BFF /* InfoPlist.strings in Resources */,
			);
			runOnlyForDeploymentPostprocessing = 0;
		};
/* End PBXResourcesBuildPhase section */

/* Begin PBXSourcesBuildPhase section */
		5BE7370B192FEDE9001C1BFF /* Sources */ = {
			isa = PBXSourcesBuildPhase;
			buildActionMask = 2147483647;
			files = (
				5BE73723192FEDE9001C1BFF /* MSAppDelegate.m in Sources */,
				5BE73729192FEDE9001C1BFF /* MSViewController.m in Sources */,
				5BE7371F192FEDE9001C1BFF /* main.m in Sources */,
			);
			runOnlyForDeploymentPostprocessing = 0;
		};
		5BE7372C192FEDE9001C1BFF /* Sources */ = {
			isa = PBXSourcesBuildPhase;
			buildActionMask = 2147483647;
			files = (
				5BE7373E192FEDE9001C1BFF /* JenkinsTests.m in Sources */,
			);
			runOnlyForDeploymentPostprocessing = 0;
		};
/* End PBXSourcesBuildPhase section */

/* Begin PBXTargetDependency section */
		5BE73736192FEDE9001C1BFF /* PBXTargetDependency */ = {
			isa = PBXTargetDependency;
			target = 5BE7370E192FEDE9001C1BFF /* Jenkins */;
			targetProxy = 5BE73735192FEDE9001C1BFF /* PBXContainerItemProxy */;
		};
/* End PBXTargetDependency section */

/* Begin PBXVariantGroup section */
		5BE7371B192FEDE9001C1BFF /* InfoPlist.strings */ = {
			isa = PBXVariantGroup;
			children = (
				5BE7371C192FEDE9001C1BFF /* en */,
			);
			name = InfoPlist.strings;
			sourceTree = "<group>";
		};
		5BE73724192FEDE9001C1BFF /* Main.storyboard */ = {
			isa = PBXVariantGroup;
			children = (
				5BE73725192FEDE9001C1BFF /* Base */,
			);
			name = Main.storyboard;
			sourceTree = "<group>";
		};
		5BE7373A192FEDE9001C1BFF /* InfoPlist.strings */ = {
			isa = PBXVariantGroup;
			children = (
				5BE7373B192FEDE9001C1BFF /* en */,
			);
			name = InfoPlist.strings;
			sourceTree = "<group>";
		};
/* End PBXVariantGroup section */

/* Begin XCBuildConfiguration section */
		5BE7373F192FEDE9001C1BFF /* Debug */ = {
			isa = XCBuildConfiguration;
			buildSettings = {
				ALWAYS_SEARCH_USER_PATHS = NO;
				CLANG_CXX_LANGUAGE_STANDARD = "gnu++0x";
				CLANG_CXX_LIBRARY = "libc++";
				CLANG_ENABLE_MODULES = YES;
				CLANG_ENABLE_OBJC_ARC = YES;
				CLANG_WARN_BOOL_CONVERSION = YES;
				CLANG_WARN_CONSTANT_CONVERSION = YES;
				CLANG_WARN_DIRECT_OBJC_ISA_USAGE = YES_ERROR;
				CLANG_WARN_EMPTY_BODY = YES;
				CLANG_WARN_ENUM_CONVERSION = YES;
				CLANG_WARN_INT_CONVERSION = YES;
				CLANG_WARN_OBJC_ROOT_CLASS = YES_ERROR;
				CLANG_WARN__DUPLICATE_METHOD_MATCH = YES;
				"CODE_SIGN_IDENTITY[sdk=iphoneos*]" = "iPhone Developer";
				COPY_PHASE_STRIP = NO;
				GCC_C_LANGUAGE_STANDARD = gnu99;
				GCC_DYNAMIC_NO_PIC = NO;
				GCC_OPTIMIZATION_LEVEL = 0;
				GCC_PREPROCESSOR_DEFINITIONS = (
					"DEBUG=1",
					"$(inherited)",
				);
				GCC_SYMBOLS_PRIVATE_EXTERN = NO;
				GCC_WARN_64_TO_32_BIT_CONVERSION = YES;
				GCC_WARN_ABOUT_RETURN_TYPE = YES_ERROR;
				GCC_WARN_UNDECLARED_SELECTOR = YES;
				GCC_WARN_UNINITIALIZED_AUTOS = YES_AGGRESSIVE;
				GCC_WARN_UNUSED_FUNCTION = YES;
				GCC_WARN_UNUSED_VARIABLE = YES;
				IPHONEOS_DEPLOYMENT_TARGET = 7.1;
				ONLY_ACTIVE_ARCH = YES;
				SDKROOT = iphoneos;
			};
			name = Debug;
		};
		5BE73740192FEDE9001C1BFF /* Release */ = {
			isa = XCBuildConfiguration;
			buildSettings = {
				ALWAYS_SEARCH_USER_PATHS = NO;
				CLANG_CXX_LANGUAGE_STANDARD = "gnu++0x";
				CLANG_CXX_LIBRARY = "libc++";
				CLANG_ENABLE_MODULES = YES;
				CLANG_ENABLE_OBJC_ARC = YES;
				CLANG_WARN_BOOL_CONVERSION = YES;
				CLANG_WARN_CONSTANT_CONVERSION = YES;
				CLANG_WARN_DIRECT_OBJC_ISA_USAGE = YES_ERROR;
				CLANG_WARN_EMPTY_BODY = YES;
				CLANG_WARN_ENUM_CONVERSION = YES;
				CLANG_WARN_INT_CONVERSION = YES;
				CLANG_WARN_OBJC_ROOT_CLASS = YES_ERROR;
				CLANG_WARN__DUPLICATE_METHOD_MATCH = YES;
				"CODE_SIGN_IDENTITY[sdk=iphoneos*]" = "iPhone Developer";
				COPY_PHASE_STRIP = YES;
				ENABLE_NS_ASSERTIONS = NO;
				GCC_C_LANGUAGE_STANDARD = gnu99;
				GCC_WARN_64_TO_32_BIT_CONVERSION = YES;
				GCC_WARN_ABOUT_RETURN_TYPE = YES_ERROR;
				GCC_WARN_UNDECLARED_SELECTOR = YES;
				GCC_WARN_UNINITIALIZED_AUTOS = YES_AGGRESSIVE;
				GCC_WARN_UNUSED_FUNCTION = YES;
				GCC_WARN_UNUSED_VARIABLE = YES;
				IPHONEOS_DEPLOYMENT_TARGET = 7.1;
				SDKROOT = iphoneos;
				VALIDATE_PRODUCT = YES;
			};
			name = Release;
		};
		5BE73742192FEDE9001C1BFF /* Debug */ = {
			isa = XCBuildConfiguration;
			buildSettings = {
				ASSETCATALOG_COMPILER_APPICON_NAME = AppIcon;
				ASSETCATALOG_COMPILER_LAUNCHIMAGE_NAME = LaunchImage;
				GCC_PRECOMPILE_PREFIX_HEADER = YES;
				GCC_PREFIX_HEADER = "Jenkins/Jenkins-Prefix.pch";
				INFOPLIST_FILE = "Jenkins/Jenkins-Info.plist";
				PRODUCT_NAME = "$(TARGET_NAME)";
				WRAPPER_EXTENSION = app;
			};
			name = Debug;
		};
		5BE73743192FEDE9001C1BFF /* Release */ = {
			isa = XCBuildConfiguration;
			buildSettings = {
				ASSETCATALOG_COMPILER_APPICON_NAME = AppIcon;
				ASSETCATALOG_COMPILER_LAUNCHIMAGE_NAME = LaunchImage;
				GCC_PRECOMPILE_PREFIX_HEADER = YES;
				GCC_PREFIX_HEADER = "Jenkins/Jenkins-Prefix.pch";
				INFOPLIST_FILE = "Jenkins/Jenkins-Info.plist";
				PRODUCT_NAME = "$(TARGET_NAME)";
				WRAPPER_EXTENSION = app;
			};
			name = Release;
		};
		5BE73745192FEDE9001C1BFF /* Debug */ = {
			isa = XCBuildConfiguration;
			buildSettings = {
				BUNDLE_LOADER = "$(BUILT_PRODUCTS_DIR)/Jenkins.app/Jenkins";
				FRAMEWORK_SEARCH_PATHS = (
					"$(SDKROOT)/Developer/Library/Frameworks",
					"$(inherited)",
					"$(DEVELOPER_FRAMEWORKS_DIR)",
				);
				GCC_PRECOMPILE_PREFIX_HEADER = YES;
				GCC_PREFIX_HEADER = "Jenkins/Jenkins-Prefix.pch";
				GCC_PREPROCESSOR_DEFINITIONS = (
					"DEBUG=1",
					"$(inherited)",
				);
				INFOPLIST_FILE = "JenkinsTests/JenkinsTests-Info.plist";
				PRODUCT_NAME = "$(TARGET_NAME)";
				TEST_HOST = "$(BUNDLE_LOADER)";
				WRAPPER_EXTENSION = xctest;
			};
			name = Debug;
		};
		5BE73746192FEDE9001C1BFF /* Release */ = {
			isa = XCBuildConfiguration;
			buildSettings = {
				BUNDLE_LOADER = "$(BUILT_PRODUCTS_DIR)/Jenkins.app/Jenkins";
				FRAMEWORK_SEARCH_PATHS = (
					"$(SDKROOT)/Developer/Library/Frameworks",
					"$(inherited)",
					"$(DEVELOPER_FRAMEWORKS_DIR)",
				);
				GCC_PRECOMPILE_PREFIX_HEADER = YES;
				GCC_PREFIX_HEADER = "Jenkins/Jenkins-Prefix.pch";
				INFOPLIST_FILE = "JenkinsTests/JenkinsTests-Info.plist";
				PRODUCT_NAME = "$(TARGET_NAME)";
				TEST_HOST = "$(BUNDLE_LOADER)";
				WRAPPER_EXTENSION = xctest;
			};
			name = Release;
		};
/* End XCBuildConfiguration section */

/* Begin XCConfigurationList section */
		5BE7370A192FEDE9001C1BFF /* Build configuration list for PBXProject "Jenkins" */ = {
			isa = XCConfigurationList;
			buildConfigurations = (
				5BE7373F192FEDE9001C1BFF /* Debug */,
				5BE73740192FEDE9001C1BFF /* Release */,
			);
			defaultConfigurationIsVisible = 0;
			defaultConfigurationName = Release;
		};
		5BE73741192FEDE9001C1BFF /* Build configuration list for PBXNativeTarget "Jenkins" */ = {
			isa = XCConfigurationList;
			buildConfigurations = (
				5BE73742192FEDE9001C1BFF /* Debug */,
				5BE73743192FEDE9001C1BFF /* Release */,
			);
			defaultConfigurationIsVisible = 0;
		};
		5BE73744192FEDE9001C1BFF /* Build configuration list for PBXNativeTarget "JenkinsTests" */ = {
			isa = XCConfigurationList;
			buildConfigurations = (
				5BE73745192FEDE9001C1BFF /* Debug */,
				5BE73746192FEDE9001C1BFF /* Release */,
			);
			defaultConfigurationIsVisible = 0;
		};
/* End XCConfigurationList section */
	};
	rootObject = 5BE73707192FEDE9001C1BFF /* Project object */;
}
